// !$*UTF8*$!
{
	archiveVersion = 1;
	classes = {
	};
	objectVersion = 56;
	objects = {

/* Begin PBXBuildFile section */
		04831C8C2B5E02D100193743 /* AppDelegate.swift in Sources */ = {isa = PBXBuildFile; fileRef = 04831C8B2B5E02D100193743 /* AppDelegate.swift */; };
		04831C8E2B5E02D100193743 /* SceneDelegate.swift in Sources */ = {isa = PBXBuildFile; fileRef = 04831C8D2B5E02D100193743 /* SceneDelegate.swift */; };
		04831C902B5E02D100193743 /* ViewController.swift in Sources */ = {isa = PBXBuildFile; fileRef = 04831C8F2B5E02D100193743 /* ViewController.swift */; };
		04831C932B5E02D100193743 /* Main.storyboard in Resources */ = {isa = PBXBuildFile; fileRef = 04831C912B5E02D100193743 /* Main.storyboard */; };
		04831C952B5E02D200193743 /* Assets.xcassets in Resources */ = {isa = PBXBuildFile; fileRef = 04831C942B5E02D200193743 /* Assets.xcassets */; };
		04831C982B5E02D200193743 /* LaunchScreen.storyboard in Resources */ = {isa = PBXBuildFile; fileRef = 04831C962B5E02D200193743 /* LaunchScreen.storyboard */; };
		04831CA32B5E02D200193743 /* BluetoothMessageTests.swift in Sources */ = {isa = PBXBuildFile; fileRef = 04831CA22B5E02D200193743 /* BluetoothMessageTests.swift */; };
		04831CAD2B5E02D200193743 /* BluetoothMessageUITests.swift in Sources */ = {isa = PBXBuildFile; fileRef = 04831CAC2B5E02D200193743 /* BluetoothMessageUITests.swift */; };
		04831CAF2B5E02D200193743 /* BluetoothMessageUITestsLaunchTests.swift in Sources */ = {isa = PBXBuildFile; fileRef = 04831CAE2B5E02D200193743 /* BluetoothMessageUITestsLaunchTests.swift */; };
		04831CBC2B5E034700193743 /* BluetoothPeripheralManager.swift in Sources */ = {isa = PBXBuildFile; fileRef = 04831CBB2B5E034700193743 /* BluetoothPeripheralManager.swift */; };
		04831CBE2B5E037000193743 /* BluetoothCentralManager.swift in Sources */ = {isa = PBXBuildFile; fileRef = 04831CBD2B5E037000193743 /* BluetoothCentralManager.swift */; };
		04831CC12B5E0A7200193743 /* ChatViewController.swift in Sources */ = {isa = PBXBuildFile; fileRef = 04831CBF2B5E0A7200193743 /* ChatViewController.swift */; };
		04831CC22B5E0A7200193743 /* ChatViewController.xib in Resources */ = {isa = PBXBuildFile; fileRef = 04831CC02B5E0A7200193743 /* ChatViewController.xib */; };
		04831CC42B5E0B0A00193743 /* UIView+Extension.swift in Sources */ = {isa = PBXBuildFile; fileRef = 04831CC32B5E0B0A00193743 /* UIView+Extension.swift */; };
		049391542B5E772B00EC7776 /* SearchDeviceViewController.swift in Sources */ = {isa = PBXBuildFile; fileRef = 049391522B5E772B00EC7776 /* SearchDeviceViewController.swift */; };
		049391552B5E772B00EC7776 /* SearchDeviceViewController.xib in Resources */ = {isa = PBXBuildFile; fileRef = 049391532B5E772B00EC7776 /* SearchDeviceViewController.xib */; };
		049391582B5E7EE700EC7776 /* DeviceTableViewCell.swift in Sources */ = {isa = PBXBuildFile; fileRef = 049391562B5E7EE700EC7776 /* DeviceTableViewCell.swift */; };
		049391592B5E7EE700EC7776 /* DeviceTableViewCell.xib in Resources */ = {isa = PBXBuildFile; fileRef = 049391572B5E7EE700EC7776 /* DeviceTableViewCell.xib */; };
/* End PBXBuildFile section */

/* Begin PBXContainerItemProxy section */
		04831C9F2B5E02D200193743 /* PBXContainerItemProxy */ = {
			isa = PBXContainerItemProxy;
			containerPortal = 04831C802B5E02D100193743 /* Project object */;
			proxyType = 1;
			remoteGlobalIDString = 04831C872B5E02D100193743;
			remoteInfo = BluetoothMessage;
		};
		04831CA92B5E02D200193743 /* PBXContainerItemProxy */ = {
			isa = PBXContainerItemProxy;
			containerPortal = 04831C802B5E02D100193743 /* Project object */;
			proxyType = 1;
			remoteGlobalIDString = 04831C872B5E02D100193743;
			remoteInfo = BluetoothMessage;
		};
/* End PBXContainerItemProxy section */

/* Begin PBXFileReference section */
		04831C882B5E02D100193743 /* BluetoothMessage.app */ = {isa = PBXFileReference; explicitFileType = wrapper.application; includeInIndex = 0; path = BluetoothMessage.app; sourceTree = BUILT_PRODUCTS_DIR; };
		04831C8B2B5E02D100193743 /* AppDelegate.swift */ = {isa = PBXFileReference; lastKnownFileType = sourcecode.swift; path = AppDelegate.swift; sourceTree = "<group>"; };
		04831C8D2B5E02D100193743 /* SceneDelegate.swift */ = {isa = PBXFileReference; lastKnownFileType = sourcecode.swift; path = SceneDelegate.swift; sourceTree = "<group>"; };
		04831C8F2B5E02D100193743 /* ViewController.swift */ = {isa = PBXFileReference; lastKnownFileType = sourcecode.swift; path = ViewController.swift; sourceTree = "<group>"; };
		04831C922B5E02D100193743 /* Base */ = {isa = PBXFileReference; lastKnownFileType = file.storyboard; name = Base; path = Base.lproj/Main.storyboard; sourceTree = "<group>"; };
		04831C942B5E02D200193743 /* Assets.xcassets */ = {isa = PBXFileReference; lastKnownFileType = folder.assetcatalog; path = Assets.xcassets; sourceTree = "<group>"; };
		04831C972B5E02D200193743 /* Base */ = {isa = PBXFileReference; lastKnownFileType = file.storyboard; name = Base; path = Base.lproj/LaunchScreen.storyboard; sourceTree = "<group>"; };
		04831C992B5E02D200193743 /* Info.plist */ = {isa = PBXFileReference; lastKnownFileType = text.plist.xml; path = Info.plist; sourceTree = "<group>"; };
		04831C9E2B5E02D200193743 /* BluetoothMessageTests.xctest */ = {isa = PBXFileReference; explicitFileType = wrapper.cfbundle; includeInIndex = 0; path = BluetoothMessageTests.xctest; sourceTree = BUILT_PRODUCTS_DIR; };
		04831CA22B5E02D200193743 /* BluetoothMessageTests.swift */ = {isa = PBXFileReference; lastKnownFileType = sourcecode.swift; path = BluetoothMessageTests.swift; sourceTree = "<group>"; };
		04831CA82B5E02D200193743 /* BluetoothMessageUITests.xctest */ = {isa = PBXFileReference; explicitFileType = wrapper.cfbundle; includeInIndex = 0; path = BluetoothMessageUITests.xctest; sourceTree = BUILT_PRODUCTS_DIR; };
		04831CAC2B5E02D200193743 /* BluetoothMessageUITests.swift */ = {isa = PBXFileReference; lastKnownFileType = sourcecode.swift; path = BluetoothMessageUITests.swift; sourceTree = "<group>"; };
		04831CAE2B5E02D200193743 /* BluetoothMessageUITestsLaunchTests.swift */ = {isa = PBXFileReference; lastKnownFileType = sourcecode.swift; path = BluetoothMessageUITestsLaunchTests.swift; sourceTree = "<group>"; };
		04831CBB2B5E034700193743 /* BluetoothPeripheralManager.swift */ = {isa = PBXFileReference; lastKnownFileType = sourcecode.swift; path = BluetoothPeripheralManager.swift; sourceTree = "<group>"; };
		04831CBD2B5E037000193743 /* BluetoothCentralManager.swift */ = {isa = PBXFileReference; lastKnownFileType = sourcecode.swift; path = BluetoothCentralManager.swift; sourceTree = "<group>"; };
		04831CBF2B5E0A7200193743 /* ChatViewController.swift */ = {isa = PBXFileReference; lastKnownFileType = sourcecode.swift; path = ChatViewController.swift; sourceTree = "<group>"; };
		04831CC02B5E0A7200193743 /* ChatViewController.xib */ = {isa = PBXFileReference; lastKnownFileType = file.xib; path = ChatViewController.xib; sourceTree = "<group>"; };
		04831CC32B5E0B0A00193743 /* UIView+Extension.swift */ = {isa = PBXFileReference; lastKnownFileType = sourcecode.swift; path = "UIView+Extension.swift"; sourceTree = "<group>"; };
		049391522B5E772B00EC7776 /* SearchDeviceViewController.swift */ = {isa = PBXFileReference; lastKnownFileType = sourcecode.swift; path = SearchDeviceViewController.swift; sourceTree = "<group>"; };
		049391532B5E772B00EC7776 /* SearchDeviceViewController.xib */ = {isa = PBXFileReference; lastKnownFileType = file.xib; path = SearchDeviceViewController.xib; sourceTree = "<group>"; };
		049391562B5E7EE700EC7776 /* DeviceTableViewCell.swift */ = {isa = PBXFileReference; lastKnownFileType = sourcecode.swift; path = DeviceTableViewCell.swift; sourceTree = "<group>"; };
		049391572B5E7EE700EC7776 /* DeviceTableViewCell.xib */ = {isa = PBXFileReference; lastKnownFileType = file.xib; path = DeviceTableViewCell.xib; sourceTree = "<group>"; };
/* End PBXFileReference section */

/* Begin PBXFrameworksBuildPhase section */
		04831C852B5E02D100193743 /* Frameworks */ = {
			isa = PBXFrameworksBuildPhase;
			buildActionMask = 2147483647;
			files = (
			);
			runOnlyForDeploymentPostprocessing = 0;
		};
		04831C9B2B5E02D200193743 /* Frameworks */ = {
			isa = PBXFrameworksBuildPhase;
			buildActionMask = 2147483647;
			files = (
			);
			runOnlyForDeploymentPostprocessing = 0;
		};
		04831CA52B5E02D200193743 /* Frameworks */ = {
			isa = PBXFrameworksBuildPhase;
			buildActionMask = 2147483647;
			files = (
			);
			runOnlyForDeploymentPostprocessing = 0;
		};
/* End PBXFrameworksBuildPhase section */

/* Begin PBXGroup section */
		04831C7F2B5E02D100193743 = {
			isa = PBXGroup;
			children = (
				04831C8A2B5E02D100193743 /* BluetoothMessage */,
				04831CA12B5E02D200193743 /* BluetoothMessageTests */,
				04831CAB2B5E02D200193743 /* BluetoothMessageUITests */,
				04831C892B5E02D100193743 /* Products */,
			);
			sourceTree = "<group>";
		};
		04831C892B5E02D100193743 /* Products */ = {
			isa = PBXGroup;
			children = (
				04831C882B5E02D100193743 /* BluetoothMessage.app */,
				04831C9E2B5E02D200193743 /* BluetoothMessageTests.xctest */,
				04831CA82B5E02D200193743 /* BluetoothMessageUITests.xctest */,
			);
			name = Products;
			sourceTree = "<group>";
		};
		04831C8A2B5E02D100193743 /* BluetoothMessage */ = {
			isa = PBXGroup;
			children = (
				04831C8B2B5E02D100193743 /* AppDelegate.swift */,
				04831C8D2B5E02D100193743 /* SceneDelegate.swift */,
				04831C8F2B5E02D100193743 /* ViewController.swift */,
				04831C912B5E02D100193743 /* Main.storyboard */,
				04831C942B5E02D200193743 /* Assets.xcassets */,
				04831C962B5E02D200193743 /* LaunchScreen.storyboard */,
				04831C992B5E02D200193743 /* Info.plist */,
				04831CBB2B5E034700193743 /* BluetoothPeripheralManager.swift */,
				04831CBD2B5E037000193743 /* BluetoothCentralManager.swift */,
				049391522B5E772B00EC7776 /* SearchDeviceViewController.swift */,
				049391532B5E772B00EC7776 /* SearchDeviceViewController.xib */,
				04831CBF2B5E0A7200193743 /* ChatViewController.swift */,
				04831CC02B5E0A7200193743 /* ChatViewController.xib */,
				04831CC32B5E0B0A00193743 /* UIView+Extension.swift */,
				049391562B5E7EE700EC7776 /* DeviceTableViewCell.swift */,
				049391572B5E7EE700EC7776 /* DeviceTableViewCell.xib */,
			);
			path = BluetoothMessage;
			sourceTree = "<group>";
		};
		04831CA12B5E02D200193743 /* BluetoothMessageTests */ = {
			isa = PBXGroup;
			children = (
				04831CA22B5E02D200193743 /* BluetoothMessageTests.swift */,
			);
			path = BluetoothMessageTests;
			sourceTree = "<group>";
		};
		04831CAB2B5E02D200193743 /* BluetoothMessageUITests */ = {
			isa = PBXGroup;
			children = (
				04831CAC2B5E02D200193743 /* BluetoothMessageUITests.swift */,
				04831CAE2B5E02D200193743 /* BluetoothMessageUITestsLaunchTests.swift */,
			);
			path = BluetoothMessageUITests;
			sourceTree = "<group>";
		};
/* End PBXGroup section */

/* Begin PBXNativeTarget section */
		04831C872B5E02D100193743 /* BluetoothMessage */ = {
			isa = PBXNativeTarget;
			buildConfigurationList = 04831CB22B5E02D200193743 /* Build configuration list for PBXNativeTarget "BluetoothMessage" */;
			buildPhases = (
				04831C842B5E02D100193743 /* Sources */,
				04831C852B5E02D100193743 /* Frameworks */,
				04831C862B5E02D100193743 /* Resources */,
			);
			buildRules = (
			);
			dependencies = (
			);
			name = BluetoothMessage;
			productName = BluetoothMessage;
			productReference = 04831C882B5E02D100193743 /* BluetoothMessage.app */;
			productType = "com.apple.product-type.application";
		};
		04831C9D2B5E02D200193743 /* BluetoothMessageTests */ = {
			isa = PBXNativeTarget;
			buildConfigurationList = 04831CB52B5E02D200193743 /* Build configuration list for PBXNativeTarget "BluetoothMessageTests" */;
			buildPhases = (
				04831C9A2B5E02D200193743 /* Sources */,
				04831C9B2B5E02D200193743 /* Frameworks */,
				04831C9C2B5E02D200193743 /* Resources */,
			);
			buildRules = (
			);
			dependencies = (
				04831CA02B5E02D200193743 /* PBXTargetDependency */,
			);
			name = BluetoothMessageTests;
			productName = BluetoothMessageTests;
			productReference = 04831C9E2B5E02D200193743 /* BluetoothMessageTests.xctest */;
			productType = "com.apple.product-type.bundle.unit-test";
		};
		04831CA72B5E02D200193743 /* BluetoothMessageUITests */ = {
			isa = PBXNativeTarget;
			buildConfigurationList = 04831CB82B5E02D200193743 /* Build configuration list for PBXNativeTarget "BluetoothMessageUITests" */;
			buildPhases = (
				04831CA42B5E02D200193743 /* Sources */,
				04831CA52B5E02D200193743 /* Frameworks */,
				04831CA62B5E02D200193743 /* Resources */,
			);
			buildRules = (
			);
			dependencies = (
				04831CAA2B5E02D200193743 /* PBXTargetDependency */,
			);
			name = BluetoothMessageUITests;
			productName = BluetoothMessageUITests;
			productReference = 04831CA82B5E02D200193743 /* BluetoothMessageUITests.xctest */;
			productType = "com.apple.product-type.bundle.ui-testing";
		};
/* End PBXNativeTarget section */

/* Begin PBXProject section */
		04831C802B5E02D100193743 /* Project object */ = {
			isa = PBXProject;
			attributes = {
				BuildIndependentTargetsInParallel = 1;
				LastSwiftUpdateCheck = 1520;
				LastUpgradeCheck = 1520;
				TargetAttributes = {
					04831C872B5E02D100193743 = {
						CreatedOnToolsVersion = 15.2;
					};
					04831C9D2B5E02D200193743 = {
						CreatedOnToolsVersion = 15.2;
						TestTargetID = 04831C872B5E02D100193743;
					};
					04831CA72B5E02D200193743 = {
						CreatedOnToolsVersion = 15.2;
						TestTargetID = 04831C872B5E02D100193743;
					};
				};
			};
			buildConfigurationList = 04831C832B5E02D100193743 /* Build configuration list for PBXProject "BluetoothMessage" */;
			compatibilityVersion = "Xcode 14.0";
			developmentRegion = en;
			hasScannedForEncodings = 0;
			knownRegions = (
				en,
				Base,
			);
			mainGroup = 04831C7F2B5E02D100193743;
			productRefGroup = 04831C892B5E02D100193743 /* Products */;
			projectDirPath = "";
			projectRoot = "";
			targets = (
				04831C872B5E02D100193743 /* BluetoothMessage */,
				04831C9D2B5E02D200193743 /* BluetoothMessageTests */,
				04831CA72B5E02D200193743 /* BluetoothMessageUITests */,
			);
		};
/* End PBXProject section */

/* Begin PBXResourcesBuildPhase section */
		04831C862B5E02D100193743 /* Resources */ = {
			isa = PBXResourcesBuildPhase;
			buildActionMask = 2147483647;
			files = (
				04831C982B5E02D200193743 /* LaunchScreen.storyboard in Resources */,
				049391592B5E7EE700EC7776 /* DeviceTableViewCell.xib in Resources */,
				04831C952B5E02D200193743 /* Assets.xcassets in Resources */,
				04831CC22B5E0A7200193743 /* ChatViewController.xib in Resources */,
				049391552B5E772B00EC7776 /* SearchDeviceViewController.xib in Resources */,
				04831C932B5E02D100193743 /* Main.storyboard in Resources */,
			);
			runOnlyForDeploymentPostprocessing = 0;
		};
		04831C9C2B5E02D200193743 /* Resources */ = {
			isa = PBXResourcesBuildPhase;
			buildActionMask = 2147483647;
			files = (
			);
			runOnlyForDeploymentPostprocessing = 0;
		};
		04831CA62B5E02D200193743 /* Resources */ = {
			isa = PBXResourcesBuildPhase;
			buildActionMask = 2147483647;
			files = (
			);
			runOnlyForDeploymentPostprocessing = 0;
		};
/* End PBXResourcesBuildPhase section */

/* Begin PBXSourcesBuildPhase section */
		04831C842B5E02D100193743 /* Sources */ = {
			isa = PBXSourcesBuildPhase;
			buildActionMask = 2147483647;
			files = (
				049391542B5E772B00EC7776 /* SearchDeviceViewController.swift in Sources */,
				04831CBC2B5E034700193743 /* BluetoothPeripheralManager.swift in Sources */,
				04831CC42B5E0B0A00193743 /* UIView+Extension.swift in Sources */,
				04831CBE2B5E037000193743 /* BluetoothCentralManager.swift in Sources */,
				049391582B5E7EE700EC7776 /* DeviceTableViewCell.swift in Sources */,
				04831C902B5E02D100193743 /* ViewController.swift in Sources */,
				04831C8C2B5E02D100193743 /* AppDelegate.swift in Sources */,
				04831CC12B5E0A7200193743 /* ChatViewController.swift in Sources */,
				04831C8E2B5E02D100193743 /* SceneDelegate.swift in Sources */,
			);
			runOnlyForDeploymentPostprocessing = 0;
		};
		04831C9A2B5E02D200193743 /* Sources */ = {
			isa = PBXSourcesBuildPhase;
			buildActionMask = 2147483647;
			files = (
				04831CA32B5E02D200193743 /* BluetoothMessageTests.swift in Sources */,
			);
			runOnlyForDeploymentPostprocessing = 0;
		};
		04831CA42B5E02D200193743 /* Sources */ = {
			isa = PBXSourcesBuildPhase;
			buildActionMask = 2147483647;
			files = (
				04831CAD2B5E02D200193743 /* BluetoothMessageUITests.swift in Sources */,
				04831CAF2B5E02D200193743 /* BluetoothMessageUITestsLaunchTests.swift in Sources */,
			);
			runOnlyForDeploymentPostprocessing = 0;
		};
/* End PBXSourcesBuildPhase section */

/* Begin PBXTargetDependency section */
		04831CA02B5E02D200193743 /* PBXTargetDependency */ = {
			isa = PBXTargetDependency;
			target = 04831C872B5E02D100193743 /* BluetoothMessage */;
			targetProxy = 04831C9F2B5E02D200193743 /* PBXContainerItemProxy */;
		};
		04831CAA2B5E02D200193743 /* PBXTargetDependency */ = {
			isa = PBXTargetDependency;
			target = 04831C872B5E02D100193743 /* BluetoothMessage */;
			targetProxy = 04831CA92B5E02D200193743 /* PBXContainerItemProxy */;
		};
/* End PBXTargetDependency section */

/* Begin PBXVariantGroup section */
		04831C912B5E02D100193743 /* Main.storyboard */ = {
			isa = PBXVariantGroup;
			children = (
				04831C922B5E02D100193743 /* Base */,
			);
			name = Main.storyboard;
			sourceTree = "<group>";
		};
		04831C962B5E02D200193743 /* LaunchScreen.storyboard */ = {
			isa = PBXVariantGroup;
			children = (
				04831C972B5E02D200193743 /* Base */,
			);
			name = LaunchScreen.storyboard;
			sourceTree = "<group>";
		};
/* End PBXVariantGroup section */

/* Begin XCBuildConfiguration section */
		04831CB02B5E02D200193743 /* Debug */ = {
			isa = XCBuildConfiguration;
			buildSettings = {
				ALWAYS_SEARCH_USER_PATHS = NO;
				ASSETCATALOG_COMPILER_GENERATE_SWIFT_ASSET_SYMBOL_EXTENSIONS = YES;
				CLANG_ANALYZER_NONNULL = YES;
				CLANG_ANALYZER_NUMBER_OBJECT_CONVERSION = YES_AGGRESSIVE;
				CLANG_CXX_LANGUAGE_STANDARD = "gnu++20";
				CLANG_ENABLE_MODULES = YES;
				CLANG_ENABLE_OBJC_ARC = YES;
				CLANG_ENABLE_OBJC_WEAK = YES;
				CLANG_WARN_BLOCK_CAPTURE_AUTORELEASING = YES;
				CLANG_WARN_BOOL_CONVERSION = YES;
				CLANG_WARN_COMMA = YES;
				CLANG_WARN_CONSTANT_CONVERSION = YES;
				CLANG_WARN_DEPRECATED_OBJC_IMPLEMENTATIONS = YES;
				CLANG_WARN_DIRECT_OBJC_ISA_USAGE = YES_ERROR;
				CLANG_WARN_DOCUMENTATION_COMMENTS = YES;
				CLANG_WARN_EMPTY_BODY = YES;
				CLANG_WARN_ENUM_CONVERSION = YES;
				CLANG_WARN_INFINITE_RECURSION = YES;
				CLANG_WARN_INT_CONVERSION = YES;
				CLANG_WARN_NON_LITERAL_NULL_CONVERSION = YES;
				CLANG_WARN_OBJC_IMPLICIT_RETAIN_SELF = YES;
				CLANG_WARN_OBJC_LITERAL_CONVERSION = YES;
				CLANG_WARN_OBJC_ROOT_CLASS = YES_ERROR;
				CLANG_WARN_QUOTED_INCLUDE_IN_FRAMEWORK_HEADER = YES;
				CLANG_WARN_RANGE_LOOP_ANALYSIS = YES;
				CLANG_WARN_STRICT_PROTOTYPES = YES;
				CLANG_WARN_SUSPICIOUS_MOVE = YES;
				CLANG_WARN_UNGUARDED_AVAILABILITY = YES_AGGRESSIVE;
				CLANG_WARN_UNREACHABLE_CODE = YES;
				CLANG_WARN__DUPLICATE_METHOD_MATCH = YES;
				COPY_PHASE_STRIP = NO;
				DEBUG_INFORMATION_FORMAT = dwarf;
				ENABLE_STRICT_OBJC_MSGSEND = YES;
				ENABLE_TESTABILITY = YES;
				ENABLE_USER_SCRIPT_SANDBOXING = YES;
				GCC_C_LANGUAGE_STANDARD = gnu17;
				GCC_DYNAMIC_NO_PIC = NO;
				GCC_NO_COMMON_BLOCKS = YES;
				GCC_OPTIMIZATION_LEVEL = 0;
				GCC_PREPROCESSOR_DEFINITIONS = (
					"DEBUG=1",
					"$(inherited)",
				);
				GCC_WARN_64_TO_32_BIT_CONVERSION = YES;
				GCC_WARN_ABOUT_RETURN_TYPE = YES_ERROR;
				GCC_WARN_UNDECLARED_SELECTOR = YES;
				GCC_WARN_UNINITIALIZED_AUTOS = YES_AGGRESSIVE;
				GCC_WARN_UNUSED_FUNCTION = YES;
				GCC_WARN_UNUSED_VARIABLE = YES;
				IPHONEOS_DEPLOYMENT_TARGET = 13.0;
				LOCALIZATION_PREFERS_STRING_CATALOGS = YES;
				MTL_ENABLE_DEBUG_INFO = INCLUDE_SOURCE;
				MTL_FAST_MATH = YES;
				ONLY_ACTIVE_ARCH = YES;
				SDKROOT = iphoneos;
				SWIFT_ACTIVE_COMPILATION_CONDITIONS = "DEBUG $(inherited)";
				SWIFT_OPTIMIZATION_LEVEL = "-Onone";
			};
			name = Debug;
		};
		04831CB12B5E02D200193743 /* Release */ = {
			isa = XCBuildConfiguration;
			buildSettings = {
				ALWAYS_SEARCH_USER_PATHS = NO;
				ASSETCATALOG_COMPILER_GENERATE_SWIFT_ASSET_SYMBOL_EXTENSIONS = YES;
				CLANG_ANALYZER_NONNULL = YES;
				CLANG_ANALYZER_NUMBER_OBJECT_CONVERSION = YES_AGGRESSIVE;
				CLANG_CXX_LANGUAGE_STANDARD = "gnu++20";
				CLANG_ENABLE_MODULES = YES;
				CLANG_ENABLE_OBJC_ARC = YES;
				CLANG_ENABLE_OBJC_WEAK = YES;
				CLANG_WARN_BLOCK_CAPTURE_AUTORELEASING = YES;
				CLANG_WARN_BOOL_CONVERSION = YES;
				CLANG_WARN_COMMA = YES;
				CLANG_WARN_CONSTANT_CONVERSION = YES;
				CLANG_WARN_DEPRECATED_OBJC_IMPLEMENTATIONS = YES;
				CLANG_WARN_DIRECT_OBJC_ISA_USAGE = YES_ERROR;
				CLANG_WARN_DOCUMENTATION_COMMENTS = YES;
				CLANG_WARN_EMPTY_BODY = YES;
				CLANG_WARN_ENUM_CONVERSION = YES;
				CLANG_WARN_INFINITE_RECURSION = YES;
				CLANG_WARN_INT_CONVERSION = YES;
				CLANG_WARN_NON_LITERAL_NULL_CONVERSION = YES;
				CLANG_WARN_OBJC_IMPLICIT_RETAIN_SELF = YES;
				CLANG_WARN_OBJC_LITERAL_CONVERSION = YES;
				CLANG_WARN_OBJC_ROOT_CLASS = YES_ERROR;
				CLANG_WARN_QUOTED_INCLUDE_IN_FRAMEWORK_HEADER = YES;
				CLANG_WARN_RANGE_LOOP_ANALYSIS = YES;
				CLANG_WARN_STRICT_PROTOTYPES = YES;
				CLANG_WARN_SUSPICIOUS_MOVE = YES;
				CLANG_WARN_UNGUARDED_AVAILABILITY = YES_AGGRESSIVE;
				CLANG_WARN_UNREACHABLE_CODE = YES;
				CLANG_WARN__DUPLICATE_METHOD_MATCH = YES;
				COPY_PHASE_STRIP = NO;
				DEBUG_INFORMATION_FORMAT = "dwarf-with-dsym";
				ENABLE_NS_ASSERTIONS = NO;
				ENABLE_STRICT_OBJC_MSGSEND = YES;
				ENABLE_USER_SCRIPT_SANDBOXING = YES;
				GCC_C_LANGUAGE_STANDARD = gnu17;
				GCC_NO_COMMON_BLOCKS = YES;
				GCC_WARN_64_TO_32_BIT_CONVERSION = YES;
				GCC_WARN_ABOUT_RETURN_TYPE = YES_ERROR;
				GCC_WARN_UNDECLARED_SELECTOR = YES;
				GCC_WARN_UNINITIALIZED_AUTOS = YES_AGGRESSIVE;
				GCC_WARN_UNUSED_FUNCTION = YES;
				GCC_WARN_UNUSED_VARIABLE = YES;
				IPHONEOS_DEPLOYMENT_TARGET = 13.0;
				LOCALIZATION_PREFERS_STRING_CATALOGS = YES;
				MTL_ENABLE_DEBUG_INFO = NO;
				MTL_FAST_MATH = YES;
				SDKROOT = iphoneos;
				SWIFT_COMPILATION_MODE = wholemodule;
				VALIDATE_PRODUCT = YES;
			};
			name = Release;
		};
		04831CB32B5E02D200193743 /* Debug */ = {
			isa = XCBuildConfiguration;
			buildSettings = {
				ASSETCATALOG_COMPILER_APPICON_NAME = AppIcon;
				ASSETCATALOG_COMPILER_GLOBAL_ACCENT_COLOR_NAME = AccentColor;
				CODE_SIGN_STYLE = Automatic;
				CURRENT_PROJECT_VERSION = 1;
				DEVELOPMENT_TEAM = DHSEJVG8L2;
				GENERATE_INFOPLIST_FILE = YES;
				INFOPLIST_FILE = BluetoothMessage/Info.plist;
				INFOPLIST_KEY_UIApplicationSupportsIndirectInputEvents = YES;
				INFOPLIST_KEY_UILaunchStoryboardName = LaunchScreen;
				INFOPLIST_KEY_UIMainStoryboardFile = Main;
				INFOPLIST_KEY_UISupportedInterfaceOrientations_iPad = "UIInterfaceOrientationPortrait UIInterfaceOrientationPortraitUpsideDown UIInterfaceOrientationLandscapeLeft UIInterfaceOrientationLandscapeRight";
				INFOPLIST_KEY_UISupportedInterfaceOrientations_iPhone = "UIInterfaceOrientationPortrait UIInterfaceOrientationLandscapeLeft UIInterfaceOrientationLandscapeRight";
				IPHONEOS_DEPLOYMENT_TARGET = 13.0;
				LD_RUNPATH_SEARCH_PATHS = (
					"$(inherited)",
					"@executable_path/Frameworks",
				);
				MARKETING_VERSION = 1.0;
				PRODUCT_BUNDLE_IDENTIFIER = com.easen.www.BluetoothMessage;
				PRODUCT_NAME = "$(TARGET_NAME)";
				SUPPORTED_PLATFORMS = "iphoneos iphonesimulator";
				SUPPORTS_MACCATALYST = NO;
				SUPPORTS_MAC_DESIGNED_FOR_IPHONE_IPAD = NO;
				SUPPORTS_XR_DESIGNED_FOR_IPHONE_IPAD = NO;
				SWIFT_EMIT_LOC_STRINGS = YES;
				SWIFT_VERSION = 5.0;
				TARGETED_DEVICE_FAMILY = 1;
			};
			name = Debug;
		};
		04831CB42B5E02D200193743 /* Release */ = {
			isa = XCBuildConfiguration;
			buildSettings = {
				ASSETCATALOG_COMPILER_APPICON_NAME = AppIcon;
				ASSETCATALOG_COMPILER_GLOBAL_ACCENT_COLOR_NAME = AccentColor;
				CODE_SIGN_STYLE = Automatic;
				CURRENT_PROJECT_VERSION = 1;
				DEVELOPMENT_TEAM = DHSEJVG8L2;
				GENERATE_INFOPLIST_FILE = YES;
				INFOPLIST_FILE = BluetoothMessage/Info.plist;
				INFOPLIST_KEY_UIApplicationSupportsIndirectInputEvents = YES;
				INFOPLIST_KEY_UILaunchStoryboardName = LaunchScreen;
				INFOPLIST_KEY_UIMainStoryboardFile = Main;
				INFOPLIST_KEY_UISupportedInterfaceOrientations_iPad = "UIInterfaceOrientationPortrait UIInterfaceOrientationPortraitUpsideDown UIInterfaceOrientationLandscapeLeft UIInterfaceOrientationLandscapeRight";
				INFOPLIST_KEY_UISupportedInterfaceOrientations_iPhone = "UIInterfaceOrientationPortrait UIInterfaceOrientationLandscapeLeft UIInterfaceOrientationLandscapeRight";
				IPHONEOS_DEPLOYMENT_TARGET = 13.0;
				LD_RUNPATH_SEARCH_PATHS = (
					"$(inherited)",
					"@executable_path/Frameworks",
				);
				MARKETING_VERSION = 1.0;
				PRODUCT_BUNDLE_IDENTIFIER = com.easen.www.BluetoothMessage;
				PRODUCT_NAME = "$(TARGET_NAME)";
				SUPPORTED_PLATFORMS = "iphoneos iphonesimulator";
				SUPPORTS_MACCATALYST = NO;
				SUPPORTS_MAC_DESIGNED_FOR_IPHONE_IPAD = NO;
				SUPPORTS_XR_DESIGNED_FOR_IPHONE_IPAD = NO;
				SWIFT_EMIT_LOC_STRINGS = YES;
				SWIFT_VERSION = 5.0;
				TARGETED_DEVICE_FAMILY = 1;
			};
			name = Release;
		};
		04831CB62B5E02D200193743 /* Debug */ = {
			isa = XCBuildConfiguration;
			buildSettings = {
				ALWAYS_EMBED_SWIFT_STANDARD_LIBRARIES = YES;
				BUNDLE_LOADER = "$(TEST_HOST)";
				CODE_SIGN_STYLE = Automatic;
				CURRENT_PROJECT_VERSION = 1;
				DEVELOPMENT_TEAM = DHSEJVG8L2;
				GENERATE_INFOPLIST_FILE = YES;
				IPHONEOS_DEPLOYMENT_TARGET = 17.2;
				MARKETING_VERSION = 1.0;
				PRODUCT_BUNDLE_IDENTIFIER = com.easen.www.BluetoothMessageTests;
				PRODUCT_NAME = "$(TARGET_NAME)";
				SWIFT_EMIT_LOC_STRINGS = NO;
				SWIFT_VERSION = 5.0;
				TARGETED_DEVICE_FAMILY = "1,2";
				TEST_HOST = "$(BUILT_PRODUCTS_DIR)/BluetoothMessage.app/$(BUNDLE_EXECUTABLE_FOLDER_PATH)/BluetoothMessage";
			};
			name = Debug;
		};
		04831CB72B5E02D200193743 /* Release */ = {
			isa = XCBuildConfiguration;
			buildSettings = {
				ALWAYS_EMBED_SWIFT_STANDARD_LIBRARIES = YES;
				BUNDLE_LOADER = "$(TEST_HOST)";
				CODE_SIGN_STYLE = Automatic;
				CURRENT_PROJECT_VERSION = 1;
				DEVELOPMENT_TEAM = DHSEJVG8L2;
				GENERATE_INFOPLIST_FILE = YES;
				IPHONEOS_DEPLOYMENT_TARGET = 17.2;
				MARKETING_VERSION = 1.0;
				PRODUCT_BUNDLE_IDENTIFIER = com.easen.www.BluetoothMessageTests;
				PRODUCT_NAME = "$(TARGET_NAME)";
				SWIFT_EMIT_LOC_STRINGS = NO;
				SWIFT_VERSION = 5.0;
				TARGETED_DEVICE_FAMILY = "1,2";
				TEST_HOST = "$(BUILT_PRODUCTS_DIR)/BluetoothMessage.app/$(BUNDLE_EXECUTABLE_FOLDER_PATH)/BluetoothMessage";
			};
			name = Release;
		};
		04831CB92B5E02D200193743 /* Debug */ = {
			isa = XCBuildConfiguration;
			buildSettings = {
				ALWAYS_EMBED_SWIFT_STANDARD_LIBRARIES = YES;
				CODE_SIGN_STYLE = Automatic;
				CURRENT_PROJECT_VERSION = 1;
				DEVELOPMENT_TEAM = DHSEJVG8L2;
				GENERATE_INFOPLIST_FILE = YES;
				MARKETING_VERSION = 1.0;
				PRODUCT_BUNDLE_IDENTIFIER = com.easen.www.BluetoothMessageUITests;
				PRODUCT_NAME = "$(TARGET_NAME)";
				SWIFT_EMIT_LOC_STRINGS = NO;
				SWIFT_VERSION = 5.0;
				TARGETED_DEVICE_FAMILY = "1,2";
				TEST_TARGET_NAME = BluetoothMessage;
			};
			name = Debug;
		};
		04831CBA2B5E02D200193743 /* Release */ = {
			isa = XCBuildConfiguration;
			buildSettings = {
				ALWAYS_EMBED_SWIFT_STANDARD_LIBRARIES = YES;
				CODE_SIGN_STYLE = Automatic;
				CURRENT_PROJECT_VERSION = 1;
				DEVELOPMENT_TEAM = DHSEJVG8L2;
				GENERATE_INFOPLIST_FILE = YES;
				MARKETING_VERSION = 1.0;
				PRODUCT_BUNDLE_IDENTIFIER = com.easen.www.BluetoothMessageUITests;
				PRODUCT_NAME = "$(TARGET_NAME)";
				SWIFT_EMIT_LOC_STRINGS = NO;
				SWIFT_VERSION = 5.0;
				TARGETED_DEVICE_FAMILY = "1,2";
				TEST_TARGET_NAME = BluetoothMessage;
			};
			name = Release;
		};
/* End XCBuildConfiguration section */

/* Begin XCConfigurationList section */
		04831C832B5E02D100193743 /* Build configuration list for PBXProject "BluetoothMessage" */ = {
			isa = XCConfigurationList;
			buildConfigurations = (
				04831CB02B5E02D200193743 /* Debug */,
				04831CB12B5E02D200193743 /* Release */,
			);
			defaultConfigurationIsVisible = 0;
			defaultConfigurationName = Release;
		};
		04831CB22B5E02D200193743 /* Build configuration list for PBXNativeTarget "BluetoothMessage" */ = {
			isa = XCConfigurationList;
			buildConfigurations = (
				04831CB32B5E02D200193743 /* Debug */,
				04831CB42B5E02D200193743 /* Release */,
			);
			defaultConfigurationIsVisible = 0;
			defaultConfigurationName = Release;
		};
		04831CB52B5E02D200193743 /* Build configuration list for PBXNativeTarget "BluetoothMessageTests" */ = {
			isa = XCConfigurationList;
			buildConfigurations = (
				04831CB62B5E02D200193743 /* Debug */,
				04831CB72B5E02D200193743 /* Release */,
			);
			defaultConfigurationIsVisible = 0;
			defaultConfigurationName = Release;
		};
		04831CB82B5E02D200193743 /* Build configuration list for PBXNativeTarget "BluetoothMessageUITests" */ = {
			isa = XCConfigurationList;
			buildConfigurations = (
				04831CB92B5E02D200193743 /* Debug */,
				04831CBA2B5E02D200193743 /* Release */,
			);
			defaultConfigurationIsVisible = 0;
			defaultConfigurationName = Release;
		};
/* End XCConfigurationList section */
	};
	rootObject = 04831C802B5E02D100193743 /* Project object */;
}
